
Microsoft Visual Studio Solution File, Format Version 12.00
# Visual Studio Version 17
VisualStudioVersion = 17.7.34024.191
MinimumVisualStudioVersion = 10.0.40219.1
Project("{FAE04EC0-301F-11D3-BF4B-00C04F79EFBC}") = "Uppgift 5 list inl", "Uppgift 5 list inl\Uppgift 5 list inl.csproj", "{4B307F98-B2FD-45FC-A143-F3023708154B}"
EndProject
Global
	GlobalSection(SolutionConfigurationPlatforms) = preSolution
		Debug|Any CPU = Debug|Any CPU
		Release|Any CPU = Release|Any CPU
	EndGlobalSection
	GlobalSection(ProjectConfigurationPlatforms) = postSolution
		{4B307F98-B2FD-45FC-A143-F3023708154B}.Debug|Any CPU.ActiveCfg = Debug|Any CPU
		{4B307F98-B2FD-45FC-A143-F3023708154B}.Debug|Any CPU.Build.0 = Debug|Any CPU
		{4B307F98-B2FD-45FC-A143-F3023708154B}.Release|Any CPU.ActiveCfg = Release|Any CPU
		{4B307F98-B2FD-45FC-A143-F3023708154B}.Release|Any CPU.Build.0 = Release|Any CPU
	EndGlobalSection
	GlobalSection(SolutionProperties) = preSolution
		HideSolutionNode = FALSE
	EndGlobalSection
	GlobalSection(ExtensibilityGlobals) = postSolution
		SolutionGuid = {5BD4FF0B-E819-4BE4-891A-95B6B4C06A95}
	EndGlobalSection
EndGlobal
